
Microsoft Visual Studio Solution File, Format Version 12.00
# Visual Studio Version 17
VisualStudioVersion = 17.7.34018.315
MinimumVisualStudioVersion = 10.0.40219.1
Project("{FAE04EC0-301F-11D3-BF4B-00C04F79EFBC}") = "Tugas Modul PR PBO_1047", "Tugas Modul PR PBO_1047\Tugas Modul PR PBO_1047.csproj", "{7D1845A2-3471-459F-AF6F-13CE582DC3CE}"
EndProject
Global
	GlobalSection(SolutionConfigurationPlatforms) = preSolution
		Debug|Any CPU = Debug|Any CPU
		Release|Any CPU = Release|Any CPU
	EndGlobalSection
	GlobalSection(ProjectConfigurationPlatforms) = postSolution
		{7D1845A2-3471-459F-AF6F-13CE582DC3CE}.Debug|Any CPU.ActiveCfg = Debug|Any CPU
		{7D1845A2-3471-459F-AF6F-13CE582DC3CE}.Debug|Any CPU.Build.0 = Debug|Any CPU
		{7D1845A2-3471-459F-AF6F-13CE582DC3CE}.Release|Any CPU.ActiveCfg = Release|Any CPU
		{7D1845A2-3471-459F-AF6F-13CE582DC3CE}.Release|Any CPU.Build.0 = Release|Any CPU
	EndGlobalSection
	GlobalSection(SolutionProperties) = preSolution
		HideSolutionNode = FALSE
	EndGlobalSection
	GlobalSection(ExtensibilityGlobals) = postSolution
		SolutionGuid = {D63C8B17-D7B1-471A-8061-0B5CB904F8B4}
	EndGlobalSection
EndGlobal
